
Microsoft Visual Studio Solution File, Format Version 12.00
# Visual Studio 14
VisualStudioVersion = 14.0.25420.1
MinimumVisualStudioVersion = 10.0.40219.1
Project("{FAE04EC0-301F-11D3-BF4B-00C04F79EFBC}") = "TimeSheetFramework", "TimeSheet\TimeSheetFramework.csproj", "{95D366B0-D392-432E-ABA8-A5C5F28ABE83}"
EndProject
Project("{FAE04EC0-301F-11D3-BF4B-00C04F79EFBC}") = "TimesheetTestingFx", "TimesheetTestingFx\TimesheetTestingFx.csproj", "{F1D32A84-6793-469D-AE1D-8A1350D4FC01}"
EndProject
Global
	GlobalSection(SolutionConfigurationPlatforms) = preSolution
		Debug|Any CPU = Debug|Any CPU
		Release|Any CPU = Release|Any CPU
	EndGlobalSection
	GlobalSection(ProjectConfigurationPlatforms) = postSolution
		{95D366B0-D392-432E-ABA8-A5C5F28ABE83}.Debug|Any CPU.ActiveCfg = Debug|Any CPU
		{95D366B0-D392-432E-ABA8-A5C5F28ABE83}.Debug|Any CPU.Build.0 = Debug|Any CPU
		{95D366B0-D392-432E-ABA8-A5C5F28ABE83}.Release|Any CPU.ActiveCfg = Release|Any CPU
		{95D366B0-D392-432E-ABA8-A5C5F28ABE83}.Release|Any CPU.Build.0 = Release|Any CPU
		{F1D32A84-6793-469D-AE1D-8A1350D4FC01}.Debug|Any CPU.ActiveCfg = Debug|Any CPU
		{F1D32A84-6793-469D-AE1D-8A1350D4FC01}.Debug|Any CPU.Build.0 = Debug|Any CPU
		{F1D32A84-6793-469D-AE1D-8A1350D4FC01}.Release|Any CPU.ActiveCfg = Release|Any CPU
		{F1D32A84-6793-469D-AE1D-8A1350D4FC01}.Release|Any CPU.Build.0 = Release|Any CPU
	EndGlobalSection
	GlobalSection(SolutionProperties) = preSolution
		HideSolutionNode = FALSE
	EndGlobalSection
EndGlobal
